
Microsoft Visual Studio Solution File, Format Version 12.00
# Visual Studio Version 16
VisualStudioVersion = 16.0.31005.135
MinimumVisualStudioVersion = 10.0.40219.1
Project("{9A19103F-16F7-4668-BE54-9A1E7A4F7556}") = "Estudos", "Estudos\Estudos.csproj", "{DC91D6CF-9A49-46AA-BB98-0AA04927AFBF}"
EndProject
Project("{9A19103F-16F7-4668-BE54-9A1E7A4F7556}") = "EstudosBlazor.Server", "EstudosBlazor\Server\EstudosBlazor.Server.csproj", "{38B2D1A4-BF65-46C4-8992-ED1C6E77D241}"
EndProject
Project("{9A19103F-16F7-4668-BE54-9A1E7A4F7556}") = "EstudosBlazor.Client", "EstudosBlazor\Client\EstudosBlazor.Client.csproj", "{68EAE275-B621-43E0-90E8-93E0F6BBFFCF}"
EndProject
Project("{9A19103F-16F7-4668-BE54-9A1E7A4F7556}") = "EstudosBlazor.Shared", "EstudosBlazor\Shared\EstudosBlazor.Shared.csproj", "{E338CC9A-04B4-4103-ABF9-6419EC109238}"
EndProject
Project("{FAE04EC0-301F-11D3-BF4B-00C04F79EFBC}") = "AppLogin.Android", "AppLogin\AppLogin.Android\AppLogin.Android.csproj", "{BA4E770E-45E5-4444-A6F0-81875E0B2C9B}"
EndProject
Project("{FAE04EC0-301F-11D3-BF4B-00C04F79EFBC}") = "AppLogin.iOS", "AppLogin\AppLogin.iOS\AppLogin.iOS.csproj", "{8B7F211B-3C3B-4F97-8B69-D9D822A2E4DA}"
EndProject
Project("{FAE04EC0-301F-11D3-BF4B-00C04F79EFBC}") = "AppLogin", "AppLogin\AppLogin\AppLogin.csproj", "{9607B820-242B-4EC1-AF9A-AD8692ADD303}"
EndProject
Global
	GlobalSection(SolutionConfigurationPlatforms) = preSolution
		Debug|Any CPU = Debug|Any CPU
		Debug|iPhone = Debug|iPhone
		Debug|iPhoneSimulator = Debug|iPhoneSimulator
		Release|Any CPU = Release|Any CPU
		Release|iPhone = Release|iPhone
		Release|iPhoneSimulator = Release|iPhoneSimulator
	EndGlobalSection
	GlobalSection(ProjectConfigurationPlatforms) = postSolution
		{DC91D6CF-9A49-46AA-BB98-0AA04927AFBF}.Debug|Any CPU.ActiveCfg = Debug|Any CPU
		{DC91D6CF-9A49-46AA-BB98-0AA04927AFBF}.Debug|Any CPU.Build.0 = Debug|Any CPU
		{DC91D6CF-9A49-46AA-BB98-0AA04927AFBF}.Debug|iPhone.ActiveCfg = Debug|Any CPU
		{DC91D6CF-9A49-46AA-BB98-0AA04927AFBF}.Debug|iPhone.Build.0 = Debug|Any CPU
		{DC91D6CF-9A49-46AA-BB98-0AA04927AFBF}.Debug|iPhoneSimulator.ActiveCfg = Debug|Any CPU
		{DC91D6CF-9A49-46AA-BB98-0AA04927AFBF}.Debug|iPhoneSimulator.Build.0 = Debug|Any CPU
		{DC91D6CF-9A49-46AA-BB98-0AA04927AFBF}.Release|Any CPU.ActiveCfg = Release|Any CPU
		{DC91D6CF-9A49-46AA-BB98-0AA04927AFBF}.Release|Any CPU.Build.0 = Release|Any CPU
		{DC91D6CF-9A49-46AA-BB98-0AA04927AFBF}.Release|iPhone.ActiveCfg = Release|Any CPU
		{DC91D6CF-9A49-46AA-BB98-0AA04927AFBF}.Release|iPhone.Build.0 = Release|Any CPU
		{DC91D6CF-9A49-46AA-BB98-0AA04927AFBF}.Release|iPhoneSimulator.ActiveCfg = Release|Any CPU
		{DC91D6CF-9A49-46AA-BB98-0AA04927AFBF}.Release|iPhoneSimulator.Build.0 = Release|Any CPU
		{38B2D1A4-BF65-46C4-8992-ED1C6E77D241}.Debug|Any CPU.ActiveCfg = Debug|Any CPU
		{38B2D1A4-BF65-46C4-8992-ED1C6E77D241}.Debug|Any CPU.Build.0 = Debug|Any CPU
		{38B2D1A4-BF65-46C4-8992-ED1C6E77D241}.Debug|iPhone.ActiveCfg = Debug|Any CPU
		{38B2D1A4-BF65-46C4-8992-ED1C6E77D241}.Debug|iPhone.Build.0 = Debug|Any CPU
		{38B2D1A4-BF65-46C4-8992-ED1C6E77D241}.Debug|iPhoneSimulator.ActiveCfg = Debug|Any CPU
		{38B2D1A4-BF65-46C4-8992-ED1C6E77D241}.Debug|iPhoneSimulator.Build.0 = Debug|Any CPU
		{38B2D1A4-BF65-46C4-8992-ED1C6E77D241}.Release|Any CPU.ActiveCfg = Release|Any CPU
		{38B2D1A4-BF65-46C4-8992-ED1C6E77D241}.Release|Any CPU.Build.0 = Release|Any CPU
		{38B2D1A4-BF65-46C4-8992-ED1C6E77D241}.Release|iPhone.ActiveCfg = Release|Any CPU
		{38B2D1A4-BF65-46C4-8992-ED1C6E77D241}.Release|iPhone.Build.0 = Release|Any CPU
		{38B2D1A4-BF65-46C4-8992-ED1C6E77D241}.Release|iPhoneSimulator.ActiveCfg = Release|Any CPU
		{38B2D1A4-BF65-46C4-8992-ED1C6E77D241}.Release|iPhoneSimulator.Build.0 = Release|Any CPU
		{68EAE275-B621-43E0-90E8-93E0F6BBFFCF}.Debug|Any CPU.ActiveCfg = Debug|Any CPU
		{68EAE275-B621-43E0-90E8-93E0F6BBFFCF}.Debug|Any CPU.Build.0 = Debug|Any CPU
		{68EAE275-B621-43E0-90E8-93E0F6BBFFCF}.Debug|iPhone.ActiveCfg = Debug|Any CPU
		{68EAE275-B621-43E0-90E8-93E0F6BBFFCF}.Debug|iPhone.Build.0 = Debug|Any CPU
		{68EAE275-B621-43E0-90E8-93E0F6BBFFCF}.Debug|iPhoneSimulator.ActiveCfg = Debug|Any CPU
		{68EAE275-B621-43E0-90E8-93E0F6BBFFCF}.Debug|iPhoneSimulator.Build.0 = Debug|Any CPU
		{68EAE275-B621-43E0-90E8-93E0F6BBFFCF}.Release|Any CPU.ActiveCfg = Release|Any CPU
		{68EAE275-B621-43E0-90E8-93E0F6BBFFCF}.Release|Any CPU.Build.0 = Release|Any CPU
		{68EAE275-B621-43E0-90E8-93E0F6BBFFCF}.Release|iPhone.ActiveCfg = Release|Any CPU
		{68EAE275-B621-43E0-90E8-93E0F6BBFFCF}.Release|iPhone.Build.0 = Release|Any CPU
		{68EAE275-B621-43E0-90E8-93E0F6BBFFCF}.Release|iPhoneSimulator.ActiveCfg = Release|Any CPU
		{68EAE275-B621-43E0-90E8-93E0F6BBFFCF}.Release|iPhoneSimulator.Build.0 = Release|Any CPU
		{E338CC9A-04B4-4103-ABF9-6419EC109238}.Debug|Any CPU.ActiveCfg = Debug|Any CPU
		{E338CC9A-04B4-4103-ABF9-6419EC109238}.Debug|Any CPU.Build.0 = Debug|Any CPU
		{E338CC9A-04B4-4103-ABF9-6419EC109238}.Debug|iPhone.ActiveCfg = Debug|Any CPU
		{E338CC9A-04B4-4103-ABF9-6419EC109238}.Debug|iPhone.Build.0 = Debug|Any CPU
		{E338CC9A-04B4-4103-ABF9-6419EC109238}.Debug|iPhoneSimulator.ActiveCfg = Debug|Any CPU
		{E338CC9A-04B4-4103-ABF9-6419EC109238}.Debug|iPhoneSimulator.Build.0 = Debug|Any CPU
		{E338CC9A-04B4-4103-ABF9-6419EC109238}.Release|Any CPU.ActiveCfg = Release|Any CPU
		{E338CC9A-04B4-4103-ABF9-6419EC109238}.Release|Any CPU.Build.0 = Release|Any CPU
		{E338CC9A-04B4-4103-ABF9-6419EC109238}.Release|iPhone.ActiveCfg = Release|Any CPU
		{E338CC9A-04B4-4103-ABF9-6419EC109238}.Release|iPhone.Build.0 = Release|Any CPU
		{E338CC9A-04B4-4103-ABF9-6419EC109238}.Release|iPhoneSimulator.ActiveCfg = Release|Any CPU
		{E338CC9A-04B4-4103-ABF9-6419EC109238}.Release|iPhoneSimulator.Build.0 = Release|Any CPU
		{BA4E770E-45E5-4444-A6F0-81875E0B2C9B}.Debug|Any CPU.ActiveCfg = Debug|Any CPU
		{BA4E770E-45E5-4444-A6F0-81875E0B2C9B}.Debug|Any CPU.Build.0 = Debug|Any CPU
		{BA4E770E-45E5-4444-A6F0-81875E0B2C9B}.Debug|Any CPU.Deploy.0 = Debug|Any CPU
		{BA4E770E-45E5-4444-A6F0-81875E0B2C9B}.Debug|iPhone.ActiveCfg = Debug|Any CPU
		{BA4E770E-45E5-4444-A6F0-81875E0B2C9B}.Debug|iPhone.Build.0 = Debug|Any CPU
		{BA4E770E-45E5-4444-A6F0-81875E0B2C9B}.Debug|iPhone.Deploy.0 = Debug|Any CPU
		{BA4E770E-45E5-4444-A6F0-81875E0B2C9B}.Debug|iPhoneSimulator.ActiveCfg = Debug|Any CPU
		{BA4E770E-45E5-4444-A6F0-81875E0B2C9B}.Debug|iPhoneSimulator.Build.0 = Debug|Any CPU
		{BA4E770E-45E5-4444-A6F0-81875E0B2C9B}.Debug|iPhoneSimulator.Deploy.0 = Debug|Any CPU
		{BA4E770E-45E5-4444-A6F0-81875E0B2C9B}.Release|Any CPU.ActiveCfg = Release|Any CPU
		{BA4E770E-45E5-4444-A6F0-81875E0B2C9B}.Release|Any CPU.Build.0 = Release|Any CPU
		{BA4E770E-45E5-4444-A6F0-81875E0B2C9B}.Release|Any CPU.Deploy.0 = Release|Any CPU
		{BA4E770E-45E5-4444-A6F0-81875E0B2C9B}.Release|iPhone.ActiveCfg = Release|Any CPU
		{BA4E770E-45E5-4444-A6F0-81875E0B2C9B}.Release|iPhone.Build.0 = Release|Any CPU
		{BA4E770E-45E5-4444-A6F0-81875E0B2C9B}.Release|iPhone.Deploy.0 = Release|Any CPU
		{BA4E770E-45E5-4444-A6F0-81875E0B2C9B}.Release|iPhoneSimulator.ActiveCfg = Release|Any CPU
		{BA4E770E-45E5-4444-A6F0-81875E0B2C9B}.Release|iPhoneSimulator.Build.0 = Release|Any CPU
		{BA4E770E-45E5-4444-A6F0-81875E0B2C9B}.Release|iPhoneSimulator.Deploy.0 = Release|Any CPU
		{8B7F211B-3C3B-4F97-8B69-D9D822A2E4DA}.Debug|Any CPU.ActiveCfg = Debug|iPhoneSimulator
		{8B7F211B-3C3B-4F97-8B69-D9D822A2E4DA}.Debug|iPhone.ActiveCfg = Debug|iPhone
		{8B7F211B-3C3B-4F97-8B69-D9D822A2E4DA}.Debug|iPhone.Build.0 = Debug|iPhone
		{8B7F211B-3C3B-4F97-8B69-D9D822A2E4DA}.Debug|iPhoneSimulator.ActiveCfg = Debug|iPhoneSimulator
		{8B7F211B-3C3B-4F97-8B69-D9D822A2E4DA}.Debug|iPhoneSimulator.Build.0 = Debug|iPhoneSimulator
		{8B7F211B-3C3B-4F97-8B69-D9D822A2E4DA}.Release|Any CPU.ActiveCfg = Release|iPhoneSimulator
		{8B7F211B-3C3B-4F97-8B69-D9D822A2E4DA}.Release|iPhone.ActiveCfg = Release|iPhone
		{8B7F211B-3C3B-4F97-8B69-D9D822A2E4DA}.Release|iPhone.Build.0 = Release|iPhone
		{8B7F211B-3C3B-4F97-8B69-D9D822A2E4DA}.Release|iPhoneSimulator.ActiveCfg = Release|iPhoneSimulator
		{8B7F211B-3C3B-4F97-8B69-D9D822A2E4DA}.Release|iPhoneSimulator.Build.0 = Release|iPhoneSimulator
		{9607B820-242B-4EC1-AF9A-AD8692ADD303}.Debug|Any CPU.ActiveCfg = Debug|Any CPU
		{9607B820-242B-4EC1-AF9A-AD8692ADD303}.Debug|Any CPU.Build.0 = Debug|Any CPU
		{9607B820-242B-4EC1-AF9A-AD8692ADD303}.Debug|iPhone.ActiveCfg = Debug|Any CPU
		{9607B820-242B-4EC1-AF9A-AD8692ADD303}.Debug|iPhone.Build.0 = Debug|Any CPU
		{9607B820-242B-4EC1-AF9A-AD8692ADD303}.Debug|iPhoneSimulator.ActiveCfg = Debug|Any CPU
		{9607B820-242B-4EC1-AF9A-AD8692ADD303}.Debug|iPhoneSimulator.Build.0 = Debug|Any CPU
		{9607B820-242B-4EC1-AF9A-AD8692ADD303}.Release|Any CPU.ActiveCfg = Release|Any CPU
		{9607B820-242B-4EC1-AF9A-AD8692ADD303}.Release|Any CPU.Build.0 = Release|Any CPU
		{9607B820-242B-4EC1-AF9A-AD8692ADD303}.Release|iPhone.ActiveCfg = Release|Any CPU
		{9607B820-242B-4EC1-AF9A-AD8692ADD303}.Release|iPhone.Build.0 = Release|Any CPU
		{9607B820-242B-4EC1-AF9A-AD8692ADD303}.Release|iPhoneSimulator.ActiveCfg = Release|Any CPU
		{9607B820-242B-4EC1-AF9A-AD8692ADD303}.Release|iPhoneSimulator.Build.0 = Release|Any CPU
	EndGlobalSection
	GlobalSection(SolutionProperties) = preSolution
		HideSolutionNode = FALSE
	EndGlobalSection
	GlobalSection(ExtensibilityGlobals) = postSolution
		SolutionGuid = {C600F254-7966-4029-B696-7F2DD1B971EA}
	EndGlobalSection
EndGlobal
