
Microsoft Visual Studio Solution File, Format Version 12.00
# Visual Studio Version 16
VisualStudioVersion = 16.0.31005.135
MinimumVisualStudioVersion = 10.0.40219.1
Project("{FAE04EC0-301F-11D3-BF4B-00C04F79EFBC}") = "Estudos", "Estudos\Estudos.csproj", "{DC91D6CF-9A49-46AA-BB98-0AA04927AFBF}"
EndProject
Global
	GlobalSection(SolutionConfigurationPlatforms) = preSolution
		Debug|Any CPU = Debug|Any CPU
		Release|Any CPU = Release|Any CPU
	EndGlobalSection
	GlobalSection(ProjectConfigurationPlatforms) = postSolution
		{DC91D6CF-9A49-46AA-BB98-0AA04927AFBF}.Debug|Any CPU.ActiveCfg = Debug|Any CPU
		{DC91D6CF-9A49-46AA-BB98-0AA04927AFBF}.Debug|Any CPU.Build.0 = Debug|Any CPU
		{DC91D6CF-9A49-46AA-BB98-0AA04927AFBF}.Release|Any CPU.ActiveCfg = Release|Any CPU
		{DC91D6CF-9A49-46AA-BB98-0AA04927AFBF}.Release|Any CPU.Build.0 = Release|Any CPU
	EndGlobalSection
	GlobalSection(SolutionProperties) = preSolution
		HideSolutionNode = FALSE
	EndGlobalSection
	GlobalSection(ExtensibilityGlobals) = postSolution
		SolutionGuid = {C600F254-7966-4029-B696-7F2DD1B971EA}
	EndGlobalSection
EndGlobal
